
Microsoft Visual Studio Solution File, Format Version 12.00
# Visual Studio Version 17
VisualStudioVersion = 17.0.31717.71
MinimumVisualStudioVersion = 10.0.40219.1
Project("{FAE04EC0-301F-11D3-BF4B-00C04F79EFBC}") = "TestProject.API", "TestProject.API\TestProject.API.csproj", "{0A4B7DDB-F481-42CD-9843-027F0B0BC15B}"
EndProject
Project("{FAE04EC0-301F-11D3-BF4B-00C04F79EFBC}") = "TestProject.Application", "TestProject.Application\TestProject.Application.csproj", "{CFA2D8F5-E168-4320-886F-4FD1DABDEC1C}"
EndProject
Global
	GlobalSection(SolutionConfigurationPlatforms) = preSolution
		Debug|Any CPU = Debug|Any CPU
		Release|Any CPU = Release|Any CPU
	EndGlobalSection
	GlobalSection(ProjectConfigurationPlatforms) = postSolution
		{0A4B7DDB-F481-42CD-9843-027F0B0BC15B}.Debug|Any CPU.ActiveCfg = Debug|Any CPU
		{0A4B7DDB-F481-42CD-9843-027F0B0BC15B}.Debug|Any CPU.Build.0 = Debug|Any CPU
		{0A4B7DDB-F481-42CD-9843-027F0B0BC15B}.Release|Any CPU.ActiveCfg = Release|Any CPU
		{0A4B7DDB-F481-42CD-9843-027F0B0BC15B}.Release|Any CPU.Build.0 = Release|Any CPU
		{CFA2D8F5-E168-4320-886F-4FD1DABDEC1C}.Debug|Any CPU.ActiveCfg = Debug|Any CPU
		{CFA2D8F5-E168-4320-886F-4FD1DABDEC1C}.Debug|Any CPU.Build.0 = Debug|Any CPU
		{CFA2D8F5-E168-4320-886F-4FD1DABDEC1C}.Release|Any CPU.ActiveCfg = Release|Any CPU
		{CFA2D8F5-E168-4320-886F-4FD1DABDEC1C}.Release|Any CPU.Build.0 = Release|Any CPU
	EndGlobalSection
	GlobalSection(SolutionProperties) = preSolution
		HideSolutionNode = FALSE
	EndGlobalSection
	GlobalSection(ExtensibilityGlobals) = postSolution
		SolutionGuid = {320764B7-2FEA-4068-A3A9-51E9EF4BFAC6}
	EndGlobalSection
EndGlobal
